
Microsoft Visual Studio Solution File, Format Version 12.00
# Visual Studio Version 17
VisualStudioVersion = 17.14.36121.58 d17.14
MinimumVisualStudioVersion = 10.0.40219.1
Project("{FAE04EC0-301F-11D3-BF4B-00C04F79EFBC}") = "YusufEken.Web", "YusufEken.Web\YusufEken.Web.csproj", "{1CCBBEAB-BB9E-4F22-B952-DC855A062B06}"
EndProject
Project("{FAE04EC0-301F-11D3-BF4B-00C04F79EFBC}") = "YusufEken.EntityLayer", "YusufEken.EntityLayer\YusufEken.EntityLayer.csproj", "{F4E3B624-BD83-4928-9DD7-7BDD20DEED0A}"
EndProject
Project("{FAE04EC0-301F-11D3-BF4B-00C04F79EFBC}") = "YusufEken.DataAccessLayer", "YusufEken.DataAccessLayer\YusufEken.DataAccessLayer.csproj", "{E9DCE169-90AA-4280-A030-D0E66DCF59D3}"
EndProject
Global
	GlobalSection(SolutionConfigurationPlatforms) = preSolution
		Debug|Any CPU = Debug|Any CPU
		Release|Any CPU = Release|Any CPU
	EndGlobalSection
	GlobalSection(ProjectConfigurationPlatforms) = postSolution
		{1CCBBEAB-BB9E-4F22-B952-DC855A062B06}.Debug|Any CPU.ActiveCfg = Debug|Any CPU
		{1CCBBEAB-BB9E-4F22-B952-DC855A062B06}.Debug|Any CPU.Build.0 = Debug|Any CPU
		{1CCBBEAB-BB9E-4F22-B952-DC855A062B06}.Release|Any CPU.ActiveCfg = Release|Any CPU
		{1CCBBEAB-BB9E-4F22-B952-DC855A062B06}.Release|Any CPU.Build.0 = Release|Any CPU
		{F4E3B624-BD83-4928-9DD7-7BDD20DEED0A}.Debug|Any CPU.ActiveCfg = Debug|Any CPU
		{F4E3B624-BD83-4928-9DD7-7BDD20DEED0A}.Debug|Any CPU.Build.0 = Debug|Any CPU
		{F4E3B624-BD83-4928-9DD7-7BDD20DEED0A}.Release|Any CPU.ActiveCfg = Release|Any CPU
		{F4E3B624-BD83-4928-9DD7-7BDD20DEED0A}.Release|Any CPU.Build.0 = Release|Any CPU
		{E9DCE169-90AA-4280-A030-D0E66DCF59D3}.Debug|Any CPU.ActiveCfg = Debug|Any CPU
		{E9DCE169-90AA-4280-A030-D0E66DCF59D3}.Debug|Any CPU.Build.0 = Debug|Any CPU
		{E9DCE169-90AA-4280-A030-D0E66DCF59D3}.Release|Any CPU.ActiveCfg = Release|Any CPU
		{E9DCE169-90AA-4280-A030-D0E66DCF59D3}.Release|Any CPU.Build.0 = Release|Any CPU
	EndGlobalSection
	GlobalSection(SolutionProperties) = preSolution
		HideSolutionNode = FALSE
	EndGlobalSection
	GlobalSection(ExtensibilityGlobals) = postSolution
		SolutionGuid = {8D6C1AF6-9013-4017-A1C5-3450343B2467}
	EndGlobalSection
EndGlobal
